<?xml version="1.0" encoding="utf-8"?>
<Project ToolsVersion="4.0" xmlns="http://schemas.microsoft.com/developer/msbuild/2003">
  <ItemGroup>
    <Filter Include="헤더 파일">
      <UniqueIdentifier>{93995380-89BD-4b04-88EB-625FBE52EBFB}</UniqueIdentifier>
      <Extensions>h;hh;hpp;hxx;hm;inl;inc;ipp;xsd</Extensions>
    </Filter>
    <Filter Include="리소스 파일">
      <UniqueIdentifier>{67DA6AB6-F800-4c08-8B7A-83BB121AAD01}</UniqueIdentifier>
      <Extensions>rc;ico;cur;bmp;dlg;rc2;rct;bin;rgs;gif;jpg;jpeg;jpe;resx;tiff;tif;png;wav;mfcribbon-ms</Extensions>
    </Filter>
    <Filter Include="Source">
      <UniqueIdentifier>{4FC737F1-C7A5-4376-A066-2A32D752A2FF}</UniqueIdentifier>
      <Extensions>cpp;c;cc;cxx;def;odl;idl;hpj;bat;asm;asmx</Extensions>
    </Filter>
    <Filter Include="Source\BootLoader">
      <UniqueIdentifier>{5d63c83e-5c2f-4cc9-ac6d-707c73bd1db6}</UniqueIdentifier>
    </Filter>
    <Filter Include="Source\BootLoader\Temp">
      <UniqueIdentifier>{278ada43-606d-4c5d-86de-1576ebed1c96}</UniqueIdentifier>
    </Filter>
    <Filter Include="Source\BootLoader\Source">
      <UniqueIdentifier>{a374d930-82b8-4c56-b9b3-48dc989e1a44}</UniqueIdentifier>
    </Filter>
    <Filter Include="Source\Kernel32">
      <UniqueIdentifier>{c7f8bc9f-fbce-4edb-b633-31d323532515}</UniqueIdentifier>
    </Filter>
    <Filter Include="Source\Kernel32\Temp">
      <UniqueIdentifier>{fc54b0bd-721c-4ab5-970d-3ea3b2179c8c}</UniqueIdentifier>
    </Filter>
    <Filter Include="Source\Kernel32\Source">
      <UniqueIdentifier>{3b3182a4-9611-4fc5-9175-c4cf90ea5a21}</UniqueIdentifier>
    </Filter>
    <Filter Include="Source\Kernel64">
      <UniqueIdentifier>{35309331-8d29-42c4-b7ce-a4ac60d36cb1}</UniqueIdentifier>
    </Filter>
    <Filter Include="Source\Kernel64\Temp">
      <UniqueIdentifier>{980d3874-b7b1-4488-bb05-dd00d3cdf54e}</UniqueIdentifier>
    </Filter>
    <Filter Include="Source\Kernel64\Source">
      <UniqueIdentifier>{937cff65-b19b-4687-af93-96ac956a7e5e}</UniqueIdentifier>
    </Filter>
    <Filter Include="Source\Application">
      <UniqueIdentifier>{72285104-53d9-42ce-8148-62739d6f410e}</UniqueIdentifier>
    </Filter>
    <Filter Include="Source\Application\Temp">
      <UniqueIdentifier>{fee7eb97-014f-493e-b34d-a13184eec569}</UniqueIdentifier>
    </Filter>
    <Filter Include="Source\Utility">
      <UniqueIdentifier>{6846a69b-8f54-4bed-bcbb-e782fbce2682}</UniqueIdentifier>
    </Filter>
  </ItemGroup>
  <ItemGroup>
    <None Include="..\..\BootLoader.asm">
      <Filter>Source\BootLoader\Source</Filter>
    </None>
    <None Include="MakeMyOS.bat">
      <Filter>Source</Filter>
    </None>
    <None Include="MakeMyOSRemove.bat">
      <Filter>Source</Filter>
    </None>
    <None Include="Source\0.BootLoader\makefile">
      <Filter>Source\BootLoader</Filter>
    </None>
    <None Include="Source\1.Kernel32\makefile">
      <Filter>Source\Kernel32</Filter>
    </None>
    <None Include="Source\makefile">
      <Filter>Source</Filter>
    </None>
    <None Include="Source\1.Kernel32\Source\EntryPoint.s">
      <Filter>Source\Kernel32\Source</Filter>
    </None>
    <None Include="MakeMyOSRebuild.bat">
      <Filter>Source</Filter>
    </None>
    <None Include="Source\1.Kernel32\Source\ReadCPUID.asm">
      <Filter>Source\Kernel32\Source</Filter>
    </None>
    <None Include="Source\2.Kernel64\makefile">
      <Filter>Source\Kernel64</Filter>
    </None>
    <None Include="Source\2.Kernel64\Source\AssemblyUtility.asm">
      <Filter>Source\Kernel64\Source</Filter>
    </None>
    <None Include="Source\2.Kernel64\Source\EntryPoint.s">
      <Filter>Source\Kernel64\Source</Filter>
    </None>
    <None Include="Source\2.Kernel64\Source\ISR.asm">
      <Filter>Source\Kernel64\Source</Filter>
    </None>
  </ItemGroup>
  <ItemGroup>
    <ClInclude Include="Source\Header\Types.h">
      <Filter>헤더 파일</Filter>
    </ClInclude>
    <ClInclude Include="Source\1.Kernel32\Source\Types.h">
      <Filter>Source\Kernel32\Source</Filter>
    </ClInclude>
    <ClInclude Include="Source\1.Kernel32\Source\PageStruct.h">
      <Filter>Source\Kernel32\Source</Filter>
    </ClInclude>
    <ClInclude Include="Source\2.Kernel64\Source\AssemblyUtility.h">
      <Filter>Source\Kernel64\Source</Filter>
    </ClInclude>
    <ClInclude Include="Source\2.Kernel64\Source\Keyboard.h">
      <Filter>Source\Kernel64\Source</Filter>
    </ClInclude>
    <ClInclude Include="Source\2.Kernel64\Source\Types.h">
      <Filter>Source\Kernel64\Source</Filter>
    </ClInclude>
    <ClInclude Include="Source\2.Kernel64\Source\Descriptor.h">
      <Filter>Source\Kernel64\Source</Filter>
    </ClInclude>
    <ClInclude Include="Source\2.Kernel64\Source\InterruptHandler.h">
      <Filter>Source\Kernel64\Source</Filter>
    </ClInclude>
    <ClInclude Include="Source\2.Kernel64\Source\ISR.h">
      <Filter>Source\Kernel64\Source</Filter>
    </ClInclude>
    <ClInclude Include="Source\2.Kernel64\Source\PIC.h">
      <Filter>Source\Kernel64\Source</Filter>
    </ClInclude>
    <ClInclude Include="Source\2.Kernel64\Source\Utility.h">
      <Filter>Source\Kernel64\Source</Filter>
    </ClInclude>
    <ClInclude Include="Source\2.Kernel64\Source\Queue.h">
      <Filter>Source\Kernel64\Source</Filter>
    </ClInclude>
    <ClInclude Include="Source\2.Kernel64\Source\Console.h">
      <Filter>Source\Kernel64\Source</Filter>
    </ClInclude>
    <ClInclude Include="Source\2.Kernel64\Source\ConsoleShell.h">
      <Filter>Source\Kernel64\Source</Filter>
    </ClInclude>
    <ClInclude Include="Source\2.Kernel64\Source\Task.h">
      <Filter>Source\Kernel64\Source</Filter>
    </ClInclude>
    <ClInclude Include="Source\2.Kernel64\Source\List.h">
      <Filter>Source\Kernel64\Source</Filter>
    </ClInclude>
  </ItemGroup>
  <ItemGroup>
    <ClCompile Include="Source\Utility\ImageMaker.c">
      <Filter>Source\Utility</Filter>
    </ClCompile>
    <ClCompile Include="Source\1.Kernel32\Source\Main.c">
      <Filter>Source\Kernel32\Source</Filter>
    </ClCompile>
    <ClCompile Include="Source\1.Kernel32\Source\PageStruct.c">
      <Filter>Source\Kernel32\Source</Filter>
    </ClCompile>
    <ClCompile Include="Source\2.Kernel64\Source\Main.c">
      <Filter>Source\Kernel64\Source</Filter>
    </ClCompile>
    <ClCompile Include="Source\2.Kernel64\Source\Keyboard.c">
      <Filter>Source\Kernel64\Source</Filter>
    </ClCompile>
    <ClCompile Include="Source\2.Kernel64\Source\Descriptor.c">
      <Filter>Source\Kernel64\Source</Filter>
    </ClCompile>
    <ClCompile Include="Source\2.Kernel64\Source\InterruptHandler.c">
      <Filter>Source\Kernel64\Source</Filter>
    </ClCompile>
    <ClCompile Include="Source\2.Kernel64\Source\PIC.c">
      <Filter>Source\Kernel64\Source</Filter>
    </ClCompile>
    <ClCompile Include="Source\2.Kernel64\Source\Utility.c">
      <Filter>Source\Kernel64\Source</Filter>
    </ClCompile>
    <ClCompile Include="Source\2.Kernel64\Source\Queue.c">
      <Filter>Source\Kernel64\Source</Filter>
    </ClCompile>
    <ClCompile Include="Source\2.Kernel64\Source\Console.c">
      <Filter>Source\Kernel64\Source</Filter>
    </ClCompile>
    <ClCompile Include="Source\2.Kernel64\Source\ConsoleShell.c">
      <Filter>Source\Kernel64\Source</Filter>
    </ClCompile>
    <ClCompile Include="Source\2.Kernel64\Source\Task.c">
      <Filter>Source\Kernel64\Source</Filter>
    </ClCompile>
    <ClCompile Include="Source\2.Kernel64\Source\List.c">
      <Filter>Source\Kernel64\Source</Filter>
    </ClCompile>
  </ItemGroup>
</Project>